
Microsoft Visual Studio Solution File, Format Version 12.00
# Visual Studio Version 16
VisualStudioVersion = 16.0.31729.503
MinimumVisualStudioVersion = 10.0.40219.1
Project("{FAE04EC0-301F-11D3-BF4B-00C04F79EFBC}") = "HuntingTheManticore", "HuntingTheManticore.csproj", "{85D8C811-04A2-4F80-A669-6977A7F93430}"
EndProject
Global
	GlobalSection(SolutionConfigurationPlatforms) = preSolution
		Debug|Any CPU = Debug|Any CPU
		Release|Any CPU = Release|Any CPU
	EndGlobalSection
	GlobalSection(ProjectConfigurationPlatforms) = postSolution
		{85D8C811-04A2-4F80-A669-6977A7F93430}.Debug|Any CPU.ActiveCfg = Debug|Any CPU
		{85D8C811-04A2-4F80-A669-6977A7F93430}.Debug|Any CPU.Build.0 = Debug|Any CPU
		{85D8C811-04A2-4F80-A669-6977A7F93430}.Release|Any CPU.ActiveCfg = Release|Any CPU
		{85D8C811-04A2-4F80-A669-6977A7F93430}.Release|Any CPU.Build.0 = Release|Any CPU
	EndGlobalSection
	GlobalSection(SolutionProperties) = preSolution
		HideSolutionNode = FALSE
	EndGlobalSection
	GlobalSection(ExtensibilityGlobals) = postSolution
		SolutionGuid = {2575BC1A-CD2F-45EC-842A-75E96F8FAD3B}
	EndGlobalSection
EndGlobal
